
Microsoft Visual Studio Solution File, Format Version 12.00
# Visual Studio Version 16
VisualStudioVersion = 16.0.31424.327
MinimumVisualStudioVersion = 10.0.40219.1
Project("{FAE04EC0-301F-11D3-BF4B-00C04F79EFBC}") = "be_UrbanPlanner", "be_UrbanPlanner\be_UrbanPlanner.csproj", "{BB2B3E19-EF70-49BD-9204-A8F6FEBF9503}"
EndProject
Global
	GlobalSection(SolutionConfigurationPlatforms) = preSolution
		Debug|Any CPU = Debug|Any CPU
		Release|Any CPU = Release|Any CPU
	EndGlobalSection
	GlobalSection(ProjectConfigurationPlatforms) = postSolution
		{BB2B3E19-EF70-49BD-9204-A8F6FEBF9503}.Debug|Any CPU.ActiveCfg = Debug|Any CPU
		{BB2B3E19-EF70-49BD-9204-A8F6FEBF9503}.Debug|Any CPU.Build.0 = Debug|Any CPU
		{BB2B3E19-EF70-49BD-9204-A8F6FEBF9503}.Release|Any CPU.ActiveCfg = Release|Any CPU
		{BB2B3E19-EF70-49BD-9204-A8F6FEBF9503}.Release|Any CPU.Build.0 = Release|Any CPU
	EndGlobalSection
	GlobalSection(SolutionProperties) = preSolution
		HideSolutionNode = FALSE
	EndGlobalSection
	GlobalSection(ExtensibilityGlobals) = postSolution
		SolutionGuid = {DE178A51-E212-4D67-BA70-C18FDBB05000}
	EndGlobalSection
EndGlobal
